
Microsoft Visual Studio Solution File, Format Version 12.00
# Visual Studio 15
VisualStudioVersion = 15.0.26124.0
MinimumVisualStudioVersion = 15.0.26124.0
Project("{2150E333-8FDC-42A3-9474-1A3956D46DE8}") = "src", "src", "{8D7BDD46-0AE4-47B1-BA0B-245FEC56A9BF}"
EndProject
Project("{2150E333-8FDC-42A3-9474-1A3956D46DE8}") = "Libraries", "Libraries", "{B125260F-1CAF-40B2-9720-B632702F4F67}"
EndProject
Project("{9A19103F-16F7-4668-BE54-9A1E7A4F7556}") = "Moonlay.Domain", "src\Libraries\Moonlay.Domain\Moonlay.Domain.csproj", "{D1CD0C04-29F0-4E33-B489-7A08193AC639}"
EndProject
Project("{2150E333-8FDC-42A3-9474-1A3956D46DE8}") = "Application", "Application", "{0C918823-595B-4067-9EEF-DB273887D67E}"
EndProject
Project("{9A19103F-16F7-4668-BE54-9A1E7A4F7556}") = "Moonlay.Faas.Base", "src\Application\Moonlay.Faas.Base\Moonlay.Faas.Base.csproj", "{C977D491-A338-40AC-A556-0AC29EC52DF8}"
EndProject
Project("{9A19103F-16F7-4668-BE54-9A1E7A4F7556}") = "Moonlay.ExtCore.EntityFrameworkCore", "src\Libraries\Moonlay.ExtCore.EntityFrameworkCore\Moonlay.ExtCore.EntityFrameworkCore.csproj", "{3B29CAE0-E91E-434F-B49F-33B49F01A063}"
EndProject
Project("{9A19103F-16F7-4668-BE54-9A1E7A4F7556}") = "Moonlay.ExtCore.Mvc.Abstractions", "src\Libraries\Moonlay.ExtCore.Mvc.Abstractions\Moonlay.ExtCore.Mvc.Abstractions.csproj", "{9AC4F7B4-0EC6-433A-9BA1-9B0CC2DF1229}"
EndProject
Project("{2150E333-8FDC-42A3-9474-1A3956D46DE8}") = "ExtCore", "ExtCore", "{378FF3D5-C693-4B51-96AF-47661A6E406C}"
EndProject
Project("{9A19103F-16F7-4668-BE54-9A1E7A4F7556}") = "Core.Mvc", "src\Libraries\Infrastructure\Core.Mvc.csproj", "{0207DEDD-F1AA-4DF6-AD44-F7A1714D6AD8}"
EndProject
Project("{9A19103F-16F7-4668-BE54-9A1E7A4F7556}") = "Core.Mvc.Abstractions", "src\Libraries\Infrastructure.AspNetCore.Abstractions\Core.Mvc.Abstractions.csproj", "{CAE9DDF7-C00A-4CAB-9A53-3300ED4B74E7}"
EndProject
Project("{9A19103F-16F7-4668-BE54-9A1E7A4F7556}") = "Core.Mvc.Cache", "src\Libraries\Infrastructure.Cache\Core.Mvc.Cache.csproj", "{21BF5AD0-EEE9-4DD0-88C4-BA647B54A6D7}"
EndProject
Project("{9A19103F-16F7-4668-BE54-9A1E7A4F7556}") = "Core.Data.EntityFrameworkCore", "src\Libraries\Infrastructure.Data.EntityFrameworkCore\Core.Data.EntityFrameworkCore.csproj", "{A6AD3EFC-F1B4-4711-A3FC-106B8829D623}"
EndProject
Project("{9A19103F-16F7-4668-BE54-9A1E7A4F7556}") = "Core.Domain.Abstractions", "src\Libraries\Infrastructure.Domain.Abstractions\Core.Domain.Abstractions.csproj", "{A5625791-14FD-4E70-A4B1-1FF139B3262B}"
EndProject
Project("{9A19103F-16F7-4668-BE54-9A1E7A4F7556}") = "Core.Domain", "src\Libraries\Infrastructure.EntityFrameworkCore\Core.Domain.csproj", "{3A4AEC78-1838-49E5-8D95-C0CFE6DCDFD1}"
EndProject
Project("{9A19103F-16F7-4668-BE54-9A1E7A4F7556}") = "Core.Domain.Events", "src\Libraries\Infrastructure.Events\Core.Domain.Events.csproj", "{A907D0A9-602C-4E21-8587-5E6CF697B621}"
EndProject
Project("{9A19103F-16F7-4668-BE54-9A1E7A4F7556}") = "Core", "src\libraries\Core\Core.csproj", "{08510538-4280-4A41-9600-DE54C917F07B}"
EndProject
Project("{FAE04EC0-301F-11D3-BF4B-00C04F79EFBC}") = "Core.Data.EntityFrameworkCore.SqlServer", "src\Libraries\Core.Data.EntityFrameworkCore.SqlServer\Core.Data.EntityFrameworkCore.SqlServer.csproj", "{E52F2402-C8F1-48F1-97BB-A6EB1A69BE5B}"
EndProject
Global
	GlobalSection(SolutionConfigurationPlatforms) = preSolution
		Debug|Any CPU = Debug|Any CPU
		Debug|x64 = Debug|x64
		Debug|x86 = Debug|x86
		Release|Any CPU = Release|Any CPU
		Release|x64 = Release|x64
		Release|x86 = Release|x86
	EndGlobalSection
	GlobalSection(ProjectConfigurationPlatforms) = postSolution
		{D1CD0C04-29F0-4E33-B489-7A08193AC639}.Debug|Any CPU.ActiveCfg = Debug|Any CPU
		{D1CD0C04-29F0-4E33-B489-7A08193AC639}.Debug|Any CPU.Build.0 = Debug|Any CPU
		{D1CD0C04-29F0-4E33-B489-7A08193AC639}.Debug|x64.ActiveCfg = Debug|Any CPU
		{D1CD0C04-29F0-4E33-B489-7A08193AC639}.Debug|x64.Build.0 = Debug|Any CPU
		{D1CD0C04-29F0-4E33-B489-7A08193AC639}.Debug|x86.ActiveCfg = Debug|Any CPU
		{D1CD0C04-29F0-4E33-B489-7A08193AC639}.Debug|x86.Build.0 = Debug|Any CPU
		{D1CD0C04-29F0-4E33-B489-7A08193AC639}.Release|Any CPU.ActiveCfg = Release|Any CPU
		{D1CD0C04-29F0-4E33-B489-7A08193AC639}.Release|Any CPU.Build.0 = Release|Any CPU
		{D1CD0C04-29F0-4E33-B489-7A08193AC639}.Release|x64.ActiveCfg = Release|Any CPU
		{D1CD0C04-29F0-4E33-B489-7A08193AC639}.Release|x64.Build.0 = Release|Any CPU
		{D1CD0C04-29F0-4E33-B489-7A08193AC639}.Release|x86.ActiveCfg = Release|Any CPU
		{D1CD0C04-29F0-4E33-B489-7A08193AC639}.Release|x86.Build.0 = Release|Any CPU
		{C977D491-A338-40AC-A556-0AC29EC52DF8}.Debug|Any CPU.ActiveCfg = Debug|Any CPU
		{C977D491-A338-40AC-A556-0AC29EC52DF8}.Debug|Any CPU.Build.0 = Debug|Any CPU
		{C977D491-A338-40AC-A556-0AC29EC52DF8}.Debug|x64.ActiveCfg = Debug|Any CPU
		{C977D491-A338-40AC-A556-0AC29EC52DF8}.Debug|x64.Build.0 = Debug|Any CPU
		{C977D491-A338-40AC-A556-0AC29EC52DF8}.Debug|x86.ActiveCfg = Debug|Any CPU
		{C977D491-A338-40AC-A556-0AC29EC52DF8}.Debug|x86.Build.0 = Debug|Any CPU
		{C977D491-A338-40AC-A556-0AC29EC52DF8}.Release|Any CPU.ActiveCfg = Release|Any CPU
		{C977D491-A338-40AC-A556-0AC29EC52DF8}.Release|Any CPU.Build.0 = Release|Any CPU
		{C977D491-A338-40AC-A556-0AC29EC52DF8}.Release|x64.ActiveCfg = Release|Any CPU
		{C977D491-A338-40AC-A556-0AC29EC52DF8}.Release|x64.Build.0 = Release|Any CPU
		{C977D491-A338-40AC-A556-0AC29EC52DF8}.Release|x86.ActiveCfg = Release|Any CPU
		{C977D491-A338-40AC-A556-0AC29EC52DF8}.Release|x86.Build.0 = Release|Any CPU
		{3B29CAE0-E91E-434F-B49F-33B49F01A063}.Debug|Any CPU.ActiveCfg = Debug|Any CPU
		{3B29CAE0-E91E-434F-B49F-33B49F01A063}.Debug|Any CPU.Build.0 = Debug|Any CPU
		{3B29CAE0-E91E-434F-B49F-33B49F01A063}.Debug|x64.ActiveCfg = Debug|Any CPU
		{3B29CAE0-E91E-434F-B49F-33B49F01A063}.Debug|x64.Build.0 = Debug|Any CPU
		{3B29CAE0-E91E-434F-B49F-33B49F01A063}.Debug|x86.ActiveCfg = Debug|Any CPU
		{3B29CAE0-E91E-434F-B49F-33B49F01A063}.Debug|x86.Build.0 = Debug|Any CPU
		{3B29CAE0-E91E-434F-B49F-33B49F01A063}.Release|Any CPU.ActiveCfg = Release|Any CPU
		{3B29CAE0-E91E-434F-B49F-33B49F01A063}.Release|Any CPU.Build.0 = Release|Any CPU
		{3B29CAE0-E91E-434F-B49F-33B49F01A063}.Release|x64.ActiveCfg = Release|Any CPU
		{3B29CAE0-E91E-434F-B49F-33B49F01A063}.Release|x64.Build.0 = Release|Any CPU
		{3B29CAE0-E91E-434F-B49F-33B49F01A063}.Release|x86.ActiveCfg = Release|Any CPU
		{3B29CAE0-E91E-434F-B49F-33B49F01A063}.Release|x86.Build.0 = Release|Any CPU
		{9AC4F7B4-0EC6-433A-9BA1-9B0CC2DF1229}.Debug|Any CPU.ActiveCfg = Debug|Any CPU
		{9AC4F7B4-0EC6-433A-9BA1-9B0CC2DF1229}.Debug|Any CPU.Build.0 = Debug|Any CPU
		{9AC4F7B4-0EC6-433A-9BA1-9B0CC2DF1229}.Debug|x64.ActiveCfg = Debug|Any CPU
		{9AC4F7B4-0EC6-433A-9BA1-9B0CC2DF1229}.Debug|x64.Build.0 = Debug|Any CPU
		{9AC4F7B4-0EC6-433A-9BA1-9B0CC2DF1229}.Debug|x86.ActiveCfg = Debug|Any CPU
		{9AC4F7B4-0EC6-433A-9BA1-9B0CC2DF1229}.Debug|x86.Build.0 = Debug|Any CPU
		{9AC4F7B4-0EC6-433A-9BA1-9B0CC2DF1229}.Release|Any CPU.ActiveCfg = Release|Any CPU
		{9AC4F7B4-0EC6-433A-9BA1-9B0CC2DF1229}.Release|Any CPU.Build.0 = Release|Any CPU
		{9AC4F7B4-0EC6-433A-9BA1-9B0CC2DF1229}.Release|x64.ActiveCfg = Release|Any CPU
		{9AC4F7B4-0EC6-433A-9BA1-9B0CC2DF1229}.Release|x64.Build.0 = Release|Any CPU
		{9AC4F7B4-0EC6-433A-9BA1-9B0CC2DF1229}.Release|x86.ActiveCfg = Release|Any CPU
		{9AC4F7B4-0EC6-433A-9BA1-9B0CC2DF1229}.Release|x86.Build.0 = Release|Any CPU
		{0207DEDD-F1AA-4DF6-AD44-F7A1714D6AD8}.Debug|Any CPU.ActiveCfg = Debug|Any CPU
		{0207DEDD-F1AA-4DF6-AD44-F7A1714D6AD8}.Debug|Any CPU.Build.0 = Debug|Any CPU
		{0207DEDD-F1AA-4DF6-AD44-F7A1714D6AD8}.Debug|x64.ActiveCfg = Debug|Any CPU
		{0207DEDD-F1AA-4DF6-AD44-F7A1714D6AD8}.Debug|x64.Build.0 = Debug|Any CPU
		{0207DEDD-F1AA-4DF6-AD44-F7A1714D6AD8}.Debug|x86.ActiveCfg = Debug|Any CPU
		{0207DEDD-F1AA-4DF6-AD44-F7A1714D6AD8}.Debug|x86.Build.0 = Debug|Any CPU
		{0207DEDD-F1AA-4DF6-AD44-F7A1714D6AD8}.Release|Any CPU.ActiveCfg = Release|Any CPU
		{0207DEDD-F1AA-4DF6-AD44-F7A1714D6AD8}.Release|Any CPU.Build.0 = Release|Any CPU
		{0207DEDD-F1AA-4DF6-AD44-F7A1714D6AD8}.Release|x64.ActiveCfg = Release|Any CPU
		{0207DEDD-F1AA-4DF6-AD44-F7A1714D6AD8}.Release|x64.Build.0 = Release|Any CPU
		{0207DEDD-F1AA-4DF6-AD44-F7A1714D6AD8}.Release|x86.ActiveCfg = Release|Any CPU
		{0207DEDD-F1AA-4DF6-AD44-F7A1714D6AD8}.Release|x86.Build.0 = Release|Any CPU
		{CAE9DDF7-C00A-4CAB-9A53-3300ED4B74E7}.Debug|Any CPU.ActiveCfg = Debug|Any CPU
		{CAE9DDF7-C00A-4CAB-9A53-3300ED4B74E7}.Debug|Any CPU.Build.0 = Debug|Any CPU
		{CAE9DDF7-C00A-4CAB-9A53-3300ED4B74E7}.Debug|x64.ActiveCfg = Debug|Any CPU
		{CAE9DDF7-C00A-4CAB-9A53-3300ED4B74E7}.Debug|x64.Build.0 = Debug|Any CPU
		{CAE9DDF7-C00A-4CAB-9A53-3300ED4B74E7}.Debug|x86.ActiveCfg = Debug|Any CPU
		{CAE9DDF7-C00A-4CAB-9A53-3300ED4B74E7}.Debug|x86.Build.0 = Debug|Any CPU
		{CAE9DDF7-C00A-4CAB-9A53-3300ED4B74E7}.Release|Any CPU.ActiveCfg = Release|Any CPU
		{CAE9DDF7-C00A-4CAB-9A53-3300ED4B74E7}.Release|Any CPU.Build.0 = Release|Any CPU
		{CAE9DDF7-C00A-4CAB-9A53-3300ED4B74E7}.Release|x64.ActiveCfg = Release|Any CPU
		{CAE9DDF7-C00A-4CAB-9A53-3300ED4B74E7}.Release|x64.Build.0 = Release|Any CPU
		{CAE9DDF7-C00A-4CAB-9A53-3300ED4B74E7}.Release|x86.ActiveCfg = Release|Any CPU
		{CAE9DDF7-C00A-4CAB-9A53-3300ED4B74E7}.Release|x86.Build.0 = Release|Any CPU
		{21BF5AD0-EEE9-4DD0-88C4-BA647B54A6D7}.Debug|Any CPU.ActiveCfg = Debug|Any CPU
		{21BF5AD0-EEE9-4DD0-88C4-BA647B54A6D7}.Debug|Any CPU.Build.0 = Debug|Any CPU
		{21BF5AD0-EEE9-4DD0-88C4-BA647B54A6D7}.Debug|x64.ActiveCfg = Debug|Any CPU
		{21BF5AD0-EEE9-4DD0-88C4-BA647B54A6D7}.Debug|x64.Build.0 = Debug|Any CPU
		{21BF5AD0-EEE9-4DD0-88C4-BA647B54A6D7}.Debug|x86.ActiveCfg = Debug|Any CPU
		{21BF5AD0-EEE9-4DD0-88C4-BA647B54A6D7}.Debug|x86.Build.0 = Debug|Any CPU
		{21BF5AD0-EEE9-4DD0-88C4-BA647B54A6D7}.Release|Any CPU.ActiveCfg = Release|Any CPU
		{21BF5AD0-EEE9-4DD0-88C4-BA647B54A6D7}.Release|Any CPU.Build.0 = Release|Any CPU
		{21BF5AD0-EEE9-4DD0-88C4-BA647B54A6D7}.Release|x64.ActiveCfg = Release|Any CPU
		{21BF5AD0-EEE9-4DD0-88C4-BA647B54A6D7}.Release|x64.Build.0 = Release|Any CPU
		{21BF5AD0-EEE9-4DD0-88C4-BA647B54A6D7}.Release|x86.ActiveCfg = Release|Any CPU
		{21BF5AD0-EEE9-4DD0-88C4-BA647B54A6D7}.Release|x86.Build.0 = Release|Any CPU
		{A6AD3EFC-F1B4-4711-A3FC-106B8829D623}.Debug|Any CPU.ActiveCfg = Debug|Any CPU
		{A6AD3EFC-F1B4-4711-A3FC-106B8829D623}.Debug|Any CPU.Build.0 = Debug|Any CPU
		{A6AD3EFC-F1B4-4711-A3FC-106B8829D623}.Debug|x64.ActiveCfg = Debug|Any CPU
		{A6AD3EFC-F1B4-4711-A3FC-106B8829D623}.Debug|x64.Build.0 = Debug|Any CPU
		{A6AD3EFC-F1B4-4711-A3FC-106B8829D623}.Debug|x86.ActiveCfg = Debug|Any CPU
		{A6AD3EFC-F1B4-4711-A3FC-106B8829D623}.Debug|x86.Build.0 = Debug|Any CPU
		{A6AD3EFC-F1B4-4711-A3FC-106B8829D623}.Release|Any CPU.ActiveCfg = Release|Any CPU
		{A6AD3EFC-F1B4-4711-A3FC-106B8829D623}.Release|Any CPU.Build.0 = Release|Any CPU
		{A6AD3EFC-F1B4-4711-A3FC-106B8829D623}.Release|x64.ActiveCfg = Release|Any CPU
		{A6AD3EFC-F1B4-4711-A3FC-106B8829D623}.Release|x64.Build.0 = Release|Any CPU
		{A6AD3EFC-F1B4-4711-A3FC-106B8829D623}.Release|x86.ActiveCfg = Release|Any CPU
		{A6AD3EFC-F1B4-4711-A3FC-106B8829D623}.Release|x86.Build.0 = Release|Any CPU
		{A5625791-14FD-4E70-A4B1-1FF139B3262B}.Debug|Any CPU.ActiveCfg = Debug|Any CPU
		{A5625791-14FD-4E70-A4B1-1FF139B3262B}.Debug|Any CPU.Build.0 = Debug|Any CPU
		{A5625791-14FD-4E70-A4B1-1FF139B3262B}.Debug|x64.ActiveCfg = Debug|Any CPU
		{A5625791-14FD-4E70-A4B1-1FF139B3262B}.Debug|x64.Build.0 = Debug|Any CPU
		{A5625791-14FD-4E70-A4B1-1FF139B3262B}.Debug|x86.ActiveCfg = Debug|Any CPU
		{A5625791-14FD-4E70-A4B1-1FF139B3262B}.Debug|x86.Build.0 = Debug|Any CPU
		{A5625791-14FD-4E70-A4B1-1FF139B3262B}.Release|Any CPU.ActiveCfg = Release|Any CPU
		{A5625791-14FD-4E70-A4B1-1FF139B3262B}.Release|Any CPU.Build.0 = Release|Any CPU
		{A5625791-14FD-4E70-A4B1-1FF139B3262B}.Release|x64.ActiveCfg = Release|Any CPU
		{A5625791-14FD-4E70-A4B1-1FF139B3262B}.Release|x64.Build.0 = Release|Any CPU
		{A5625791-14FD-4E70-A4B1-1FF139B3262B}.Release|x86.ActiveCfg = Release|Any CPU
		{A5625791-14FD-4E70-A4B1-1FF139B3262B}.Release|x86.Build.0 = Release|Any CPU
		{3A4AEC78-1838-49E5-8D95-C0CFE6DCDFD1}.Debug|Any CPU.ActiveCfg = Debug|Any CPU
		{3A4AEC78-1838-49E5-8D95-C0CFE6DCDFD1}.Debug|Any CPU.Build.0 = Debug|Any CPU
		{3A4AEC78-1838-49E5-8D95-C0CFE6DCDFD1}.Debug|x64.ActiveCfg = Debug|Any CPU
		{3A4AEC78-1838-49E5-8D95-C0CFE6DCDFD1}.Debug|x64.Build.0 = Debug|Any CPU
		{3A4AEC78-1838-49E5-8D95-C0CFE6DCDFD1}.Debug|x86.ActiveCfg = Debug|Any CPU
		{3A4AEC78-1838-49E5-8D95-C0CFE6DCDFD1}.Debug|x86.Build.0 = Debug|Any CPU
		{3A4AEC78-1838-49E5-8D95-C0CFE6DCDFD1}.Release|Any CPU.ActiveCfg = Release|Any CPU
		{3A4AEC78-1838-49E5-8D95-C0CFE6DCDFD1}.Release|Any CPU.Build.0 = Release|Any CPU
		{3A4AEC78-1838-49E5-8D95-C0CFE6DCDFD1}.Release|x64.ActiveCfg = Release|Any CPU
		{3A4AEC78-1838-49E5-8D95-C0CFE6DCDFD1}.Release|x64.Build.0 = Release|Any CPU
		{3A4AEC78-1838-49E5-8D95-C0CFE6DCDFD1}.Release|x86.ActiveCfg = Release|Any CPU
		{3A4AEC78-1838-49E5-8D95-C0CFE6DCDFD1}.Release|x86.Build.0 = Release|Any CPU
		{A907D0A9-602C-4E21-8587-5E6CF697B621}.Debug|Any CPU.ActiveCfg = Debug|Any CPU
		{A907D0A9-602C-4E21-8587-5E6CF697B621}.Debug|Any CPU.Build.0 = Debug|Any CPU
		{A907D0A9-602C-4E21-8587-5E6CF697B621}.Debug|x64.ActiveCfg = Debug|Any CPU
		{A907D0A9-602C-4E21-8587-5E6CF697B621}.Debug|x64.Build.0 = Debug|Any CPU
		{A907D0A9-602C-4E21-8587-5E6CF697B621}.Debug|x86.ActiveCfg = Debug|Any CPU
		{A907D0A9-602C-4E21-8587-5E6CF697B621}.Debug|x86.Build.0 = Debug|Any CPU
		{A907D0A9-602C-4E21-8587-5E6CF697B621}.Release|Any CPU.ActiveCfg = Release|Any CPU
		{A907D0A9-602C-4E21-8587-5E6CF697B621}.Release|Any CPU.Build.0 = Release|Any CPU
		{A907D0A9-602C-4E21-8587-5E6CF697B621}.Release|x64.ActiveCfg = Release|Any CPU
		{A907D0A9-602C-4E21-8587-5E6CF697B621}.Release|x64.Build.0 = Release|Any CPU
		{A907D0A9-602C-4E21-8587-5E6CF697B621}.Release|x86.ActiveCfg = Release|Any CPU
		{A907D0A9-602C-4E21-8587-5E6CF697B621}.Release|x86.Build.0 = Release|Any CPU
		{08510538-4280-4A41-9600-DE54C917F07B}.Debug|Any CPU.ActiveCfg = Debug|Any CPU
		{08510538-4280-4A41-9600-DE54C917F07B}.Debug|Any CPU.Build.0 = Debug|Any CPU
		{08510538-4280-4A41-9600-DE54C917F07B}.Debug|x64.ActiveCfg = Debug|Any CPU
		{08510538-4280-4A41-9600-DE54C917F07B}.Debug|x64.Build.0 = Debug|Any CPU
		{08510538-4280-4A41-9600-DE54C917F07B}.Debug|x86.ActiveCfg = Debug|Any CPU
		{08510538-4280-4A41-9600-DE54C917F07B}.Debug|x86.Build.0 = Debug|Any CPU
		{08510538-4280-4A41-9600-DE54C917F07B}.Release|Any CPU.ActiveCfg = Release|Any CPU
		{08510538-4280-4A41-9600-DE54C917F07B}.Release|Any CPU.Build.0 = Release|Any CPU
		{08510538-4280-4A41-9600-DE54C917F07B}.Release|x64.ActiveCfg = Release|Any CPU
		{08510538-4280-4A41-9600-DE54C917F07B}.Release|x64.Build.0 = Release|Any CPU
		{08510538-4280-4A41-9600-DE54C917F07B}.Release|x86.ActiveCfg = Release|Any CPU
		{08510538-4280-4A41-9600-DE54C917F07B}.Release|x86.Build.0 = Release|Any CPU
		{E52F2402-C8F1-48F1-97BB-A6EB1A69BE5B}.Debug|Any CPU.ActiveCfg = Debug|Any CPU
		{E52F2402-C8F1-48F1-97BB-A6EB1A69BE5B}.Debug|Any CPU.Build.0 = Debug|Any CPU
		{E52F2402-C8F1-48F1-97BB-A6EB1A69BE5B}.Debug|x64.ActiveCfg = Debug|Any CPU
		{E52F2402-C8F1-48F1-97BB-A6EB1A69BE5B}.Debug|x64.Build.0 = Debug|Any CPU
		{E52F2402-C8F1-48F1-97BB-A6EB1A69BE5B}.Debug|x86.ActiveCfg = Debug|Any CPU
		{E52F2402-C8F1-48F1-97BB-A6EB1A69BE5B}.Debug|x86.Build.0 = Debug|Any CPU
		{E52F2402-C8F1-48F1-97BB-A6EB1A69BE5B}.Release|Any CPU.ActiveCfg = Release|Any CPU
		{E52F2402-C8F1-48F1-97BB-A6EB1A69BE5B}.Release|Any CPU.Build.0 = Release|Any CPU
		{E52F2402-C8F1-48F1-97BB-A6EB1A69BE5B}.Release|x64.ActiveCfg = Release|Any CPU
		{E52F2402-C8F1-48F1-97BB-A6EB1A69BE5B}.Release|x64.Build.0 = Release|Any CPU
		{E52F2402-C8F1-48F1-97BB-A6EB1A69BE5B}.Release|x86.ActiveCfg = Release|Any CPU
		{E52F2402-C8F1-48F1-97BB-A6EB1A69BE5B}.Release|x86.Build.0 = Release|Any CPU
	EndGlobalSection
	GlobalSection(SolutionProperties) = preSolution
		HideSolutionNode = FALSE
	EndGlobalSection
	GlobalSection(NestedProjects) = preSolution
		{B125260F-1CAF-40B2-9720-B632702F4F67} = {8D7BDD46-0AE4-47B1-BA0B-245FEC56A9BF}
		{D1CD0C04-29F0-4E33-B489-7A08193AC639} = {B125260F-1CAF-40B2-9720-B632702F4F67}
		{0C918823-595B-4067-9EEF-DB273887D67E} = {8D7BDD46-0AE4-47B1-BA0B-245FEC56A9BF}
		{C977D491-A338-40AC-A556-0AC29EC52DF8} = {0C918823-595B-4067-9EEF-DB273887D67E}
		{3B29CAE0-E91E-434F-B49F-33B49F01A063} = {B125260F-1CAF-40B2-9720-B632702F4F67}
		{9AC4F7B4-0EC6-433A-9BA1-9B0CC2DF1229} = {B125260F-1CAF-40B2-9720-B632702F4F67}
		{378FF3D5-C693-4B51-96AF-47661A6E406C} = {8D7BDD46-0AE4-47B1-BA0B-245FEC56A9BF}
		{0207DEDD-F1AA-4DF6-AD44-F7A1714D6AD8} = {378FF3D5-C693-4B51-96AF-47661A6E406C}
		{CAE9DDF7-C00A-4CAB-9A53-3300ED4B74E7} = {378FF3D5-C693-4B51-96AF-47661A6E406C}
		{21BF5AD0-EEE9-4DD0-88C4-BA647B54A6D7} = {378FF3D5-C693-4B51-96AF-47661A6E406C}
		{A6AD3EFC-F1B4-4711-A3FC-106B8829D623} = {378FF3D5-C693-4B51-96AF-47661A6E406C}
		{A5625791-14FD-4E70-A4B1-1FF139B3262B} = {378FF3D5-C693-4B51-96AF-47661A6E406C}
		{3A4AEC78-1838-49E5-8D95-C0CFE6DCDFD1} = {378FF3D5-C693-4B51-96AF-47661A6E406C}
		{A907D0A9-602C-4E21-8587-5E6CF697B621} = {378FF3D5-C693-4B51-96AF-47661A6E406C}
		{08510538-4280-4A41-9600-DE54C917F07B} = {378FF3D5-C693-4B51-96AF-47661A6E406C}
		{E52F2402-C8F1-48F1-97BB-A6EB1A69BE5B} = {378FF3D5-C693-4B51-96AF-47661A6E406C}
	EndGlobalSection
	GlobalSection(ExtensibilityGlobals) = postSolution
		SolutionGuid = {DC10CF98-9C9E-40E9-B395-1261F6F94D90}
	EndGlobalSection
EndGlobal
